
Microsoft Visual Studio Solution File, Format Version 12.00
# Visual Studio Version 17
VisualStudioVersion = 17.10.34928.147
MinimumVisualStudioVersion = 10.0.40219.1
Project("{FAE04EC0-301F-11D3-BF4B-00C04F79EFBC}") = "Linq001", "Linq001\Linq001.csproj", "{30821532-EEE0-42A9-8235-4925E0DC148F}"
EndProject
Global
	GlobalSection(SolutionConfigurationPlatforms) = preSolution
		Debug|Any CPU = Debug|Any CPU
		Release|Any CPU = Release|Any CPU
	EndGlobalSection
	GlobalSection(ProjectConfigurationPlatforms) = postSolution
		{30821532-EEE0-42A9-8235-4925E0DC148F}.Debug|Any CPU.ActiveCfg = Debug|Any CPU
		{30821532-EEE0-42A9-8235-4925E0DC148F}.Debug|Any CPU.Build.0 = Debug|Any CPU
		{30821532-EEE0-42A9-8235-4925E0DC148F}.Release|Any CPU.ActiveCfg = Release|Any CPU
		{30821532-EEE0-42A9-8235-4925E0DC148F}.Release|Any CPU.Build.0 = Release|Any CPU
	EndGlobalSection
	GlobalSection(SolutionProperties) = preSolution
		HideSolutionNode = FALSE
	EndGlobalSection
	GlobalSection(ExtensibilityGlobals) = postSolution
		SolutionGuid = {355A2DA3-FCE9-4543-9511-4A37AB2C5B89}
	EndGlobalSection
EndGlobal
